<?xml version="1.0" encoding="utf-8"?>
<Project ToolsVersion="4.0" xmlns="http://schemas.microsoft.com/developer/msbuild/2003">
  <ItemGroup>
    <Filter Include="源文件">
      <UniqueIdentifier>{4FC737F1-C7A5-4376-A066-2A32D752A2FF}</UniqueIdentifier>
      <Extensions>cpp;c;cc;cxx;def;odl;idl;hpj;bat;asm;asmx</Extensions>
    </Filter>
    <Filter Include="头文件">
      <UniqueIdentifier>{93995380-89BD-4b04-88EB-625FBE52EBFB}</UniqueIdentifier>
      <Extensions>h;hpp;hxx;hm;inl;inc;xsd</Extensions>
    </Filter>
    <Filter Include="资源文件">
      <UniqueIdentifier>{67DA6AB6-F800-4c08-8B7A-83BB121AAD01}</UniqueIdentifier>
      <Extensions>rc;ico;cur;bmp;dlg;rc2;rct;bin;rgs;gif;jpg;jpeg;jpe;resx;tiff;tif;png;wav;mfcribbon-ms</Extensions>
    </Filter>
  </ItemGroup>
  <ItemGroup>
    <ClInclude Include="code\D3DUtil.h">
      <Filter>头文件</Filter>
    </ClInclude>
    <ClInclude Include="code\AllocateHierarchyClass.h">
      <Filter>头文件</Filter>
    </ClInclude>
    <ClInclude Include="code\CameraClass.h">
      <Filter>头文件</Filter>
    </ClInclude>
    <ClInclude Include="code\D3DGUIClass.h">
      <Filter>头文件</Filter>
    </ClInclude>
    <ClInclude Include="code\DirectInputClass.h">
      <Filter>头文件</Filter>
    </ClInclude>
    <ClInclude Include="code\SkyBoxClass.h">
      <Filter>头文件</Filter>
    </ClInclude>
    <ClInclude Include="code\SnowParticleClass.h">
      <Filter>头文件</Filter>
    </ClInclude>
    <ClInclude Include="code\TerrainClass.h">
      <Filter>头文件</Filter>
    </ClInclude>
    <ClInclude Include="code\XFileModelClass.h">
      <Filter>头文件</Filter>
    </ClInclude>
    <ClInclude Include="code\Character.h">
      <Filter>头文件</Filter>
    </ClInclude>
    <ClInclude Include="code\Hero.h">
      <Filter>头文件</Filter>
    </ClInclude>
    <ClInclude Include="code\Tower.h">
      <Filter>头文件</Filter>
    </ClInclude>
    <ClInclude Include="code\Monster.h">
      <Filter>头文件</Filter>
    </ClInclude>
    <ClInclude Include="code\Soldier.h">
      <Filter>头文件</Filter>
    </ClInclude>
    <ClInclude Include="code\FireBall.h">
      <Filter>头文件</Filter>
    </ClInclude>
  </ItemGroup>
  <ItemGroup>
    <ClCompile Include="code\AllocateHierarchyClass.cpp">
      <Filter>源文件</Filter>
    </ClCompile>
    <ClCompile Include="code\CameraClass.cpp">
      <Filter>源文件</Filter>
    </ClCompile>
    <ClCompile Include="code\D3DGUIClass.cpp">
      <Filter>源文件</Filter>
    </ClCompile>
    <ClCompile Include="code\DirectInputClass.cpp">
      <Filter>源文件</Filter>
    </ClCompile>
    <ClCompile Include="code\SkyBoxClass.cpp">
      <Filter>源文件</Filter>
    </ClCompile>
    <ClCompile Include="code\SnowParticleClass.cpp">
      <Filter>源文件</Filter>
    </ClCompile>
    <ClCompile Include="code\TerrainClass.cpp">
      <Filter>源文件</Filter>
    </ClCompile>
    <ClCompile Include="code\XFileModelClass.cpp">
      <Filter>源文件</Filter>
    </ClCompile>
    <ClCompile Include="code\main1.cpp">
      <Filter>源文件</Filter>
    </ClCompile>
    <ClCompile Include="code\Character.cpp">
      <Filter>源文件</Filter>
    </ClCompile>
    <ClCompile Include="code\Hero.cpp">
      <Filter>源文件</Filter>
    </ClCompile>
    <ClCompile Include="code\Tower.cpp">
      <Filter>源文件</Filter>
    </ClCompile>
    <ClCompile Include="code\Monster.cpp">
      <Filter>源文件</Filter>
    </ClCompile>
    <ClCompile Include="code\FireBall.cpp">
      <Filter>源文件</Filter>
    </ClCompile>
    <ClCompile Include="code\Soldier.cpp">
      <Filter>源文件</Filter>
    </ClCompile>
  </ItemGroup>
</Project>